// !$*UTF8*$!
{
	archiveVersion = 1;
	classes = {
	};
	objectVersion = 52;
	objects = {

/* Begin PBXBuildFile section */
		4F5502E02549664300DA1089 /* OnBoardingView.swift in Sources */ = {isa = PBXBuildFile; fileRef = 4F5502DF2549664300DA1089 /* OnBoardingView.swift */; };
		4FED1BC725496B90001930C0 /* BrowseController.swift in Sources */ = {isa = PBXBuildFile; fileRef = 4FED1BC625496B90001930C0 /* BrowseController.swift */; };
		4FED1BCF25496BB2001930C0 /* BrowseView.swift in Sources */ = {isa = PBXBuildFile; fileRef = 4FED1BCE25496BB2001930C0 /* BrowseView.swift */; };
		4FED1BD425496BBB001930C0 /* Browse.storyboard in Resources */ = {isa = PBXBuildFile; fileRef = 4FED1BD325496BBB001930C0 /* Browse.storyboard */; };
		4FED1BDA25496BEA001930C0 /* JenjangAnakAsuh.storyboard in Resources */ = {isa = PBXBuildFile; fileRef = 4FED1BD925496BEA001930C0 /* JenjangAnakAsuh.storyboard */; };
		4FED1BDF25496BF6001930C0 /* JenjangAnakAsuhView.swift in Sources */ = {isa = PBXBuildFile; fileRef = 4FED1BDE25496BF6001930C0 /* JenjangAnakAsuhView.swift */; };
		4FED1BE425496C04001930C0 /* JenjangAnakAsuhController.swift in Sources */ = {isa = PBXBuildFile; fileRef = 4FED1BE325496C04001930C0 /* JenjangAnakAsuhController.swift */; };
		4FED1BEA25496C3B001930C0 /* SignUp.storyboard in Resources */ = {isa = PBXBuildFile; fileRef = 4FED1BE925496C3B001930C0 /* SignUp.storyboard */; };
		4FED1BEF25496C45001930C0 /* SignUpController.swift in Sources */ = {isa = PBXBuildFile; fileRef = 4FED1BEE25496C45001930C0 /* SignUpController.swift */; };
		4FED1BF425496C51001930C0 /* SignUpView.swift in Sources */ = {isa = PBXBuildFile; fileRef = 4FED1BF325496C51001930C0 /* SignUpView.swift */; };
		4FED1BFA25496CC1001930C0 /* SignIn.storyboard in Resources */ = {isa = PBXBuildFile; fileRef = 4FED1BF925496CC1001930C0 /* SignIn.storyboard */; };
		4FED1BFF25496CCD001930C0 /* SignInView.swift in Sources */ = {isa = PBXBuildFile; fileRef = 4FED1BFE25496CCD001930C0 /* SignInView.swift */; };
		4FED1C0425496CD9001930C0 /* SignInController.swift in Sources */ = {isa = PBXBuildFile; fileRef = 4FED1C0325496CD9001930C0 /* SignInController.swift */; };
		4FED1C0A25496D48001930C0 /* Pembayaran.storyboard in Resources */ = {isa = PBXBuildFile; fileRef = 4FED1C0925496D48001930C0 /* Pembayaran.storyboard */; };
		4FED1C0F25496D5E001930C0 /* PembayaranController.swift in Sources */ = {isa = PBXBuildFile; fileRef = 4FED1C0E25496D5E001930C0 /* PembayaranController.swift */; };
		4FED1C1425496D6B001930C0 /* PembayaranView.swift in Sources */ = {isa = PBXBuildFile; fileRef = 4FED1C1325496D6B001930C0 /* PembayaranView.swift */; };
		4FED1C1A25496DD5001930C0 /* HasilPembayaran.storyboard in Resources */ = {isa = PBXBuildFile; fileRef = 4FED1C1925496DD5001930C0 /* HasilPembayaran.storyboard */; };
		4FED1C1F25496DE9001930C0 /* HasilPembayaranView.swift in Sources */ = {isa = PBXBuildFile; fileRef = 4FED1C1E25496DE9001930C0 /* HasilPembayaranView.swift */; };
		4FED1C2425496DFA001930C0 /* HasilPembayaranController.swift in Sources */ = {isa = PBXBuildFile; fileRef = 4FED1C2325496DFA001930C0 /* HasilPembayaranController.swift */; };
		4FED1C2A25496E79001930C0 /* UploadPembayaran.storyboard in Resources */ = {isa = PBXBuildFile; fileRef = 4FED1C2925496E79001930C0 /* UploadPembayaran.storyboard */; };
		4FED1C2F25496E84001930C0 /* UploadPembayaranController.swift in Sources */ = {isa = PBXBuildFile; fileRef = 4FED1C2E25496E84001930C0 /* UploadPembayaranController.swift */; };
		4FED1C3425496E96001930C0 /* UploadPembayaranView.swift in Sources */ = {isa = PBXBuildFile; fileRef = 4FED1C3325496E96001930C0 /* UploadPembayaranView.swift */; };
		4FED1C3A25496F19001930C0 /* HistoryPembayaran.storyboard in Resources */ = {isa = PBXBuildFile; fileRef = 4FED1C3925496F19001930C0 /* HistoryPembayaran.storyboard */; };
		4FED1C3F25496F33001930C0 /* HistoryPembayaranView.swift in Sources */ = {isa = PBXBuildFile; fileRef = 4FED1C3E25496F33001930C0 /* HistoryPembayaranView.swift */; };
		4FED1C4425496F46001930C0 /* HistoryPembayaranController.swift in Sources */ = {isa = PBXBuildFile; fileRef = 4FED1C4325496F46001930C0 /* HistoryPembayaranController.swift */; };
		4FFB02B925346DA90000706E /* AppDelegate.swift in Sources */ = {isa = PBXBuildFile; fileRef = 4FFB02B825346DA90000706E /* AppDelegate.swift */; };
		4FFB02BB25346DA90000706E /* SceneDelegate.swift in Sources */ = {isa = PBXBuildFile; fileRef = 4FFB02BA25346DA90000706E /* SceneDelegate.swift */; };
		4FFB02BD25346DA90000706E /* OnBoardingController.swift in Sources */ = {isa = PBXBuildFile; fileRef = 4FFB02BC25346DA90000706E /* OnBoardingController.swift */; };
		4FFB02C225346DAB0000706E /* Assets.xcassets in Resources */ = {isa = PBXBuildFile; fileRef = 4FFB02C125346DAB0000706E /* Assets.xcassets */; };
		4FFB02C525346DAB0000706E /* LaunchScreen.storyboard in Resources */ = {isa = PBXBuildFile; fileRef = 4FFB02C325346DAB0000706E /* LaunchScreen.storyboard */; };
		4FFB02D025346DAB0000706E /* MacroChallengeTests.swift in Sources */ = {isa = PBXBuildFile; fileRef = 4FFB02CF25346DAB0000706E /* MacroChallengeTests.swift */; };
		4FFB02DB25346DAB0000706E /* MacroChallengeUITests.swift in Sources */ = {isa = PBXBuildFile; fileRef = 4FFB02DA25346DAB0000706E /* MacroChallengeUITests.swift */; };
		7C52FD8125539DC800A4C1A8 /* TableViewController.swift in Sources */ = {isa = PBXBuildFile; fileRef = 7C52FD8025539DC800A4C1A8 /* TableViewController.swift */; };
		7C52FD8D25545C1600A4C1A8 /* MainMenuController.swift in Sources */ = {isa = PBXBuildFile; fileRef = 7C52FD8C25545C1600A4C1A8 /* MainMenuController.swift */; };
		7C52FD9525545C2B00A4C1A8 /* MainMenu.storyboard in Resources */ = {isa = PBXBuildFile; fileRef = 7C52FD9425545C2B00A4C1A8 /* MainMenu.storyboard */; };
		7C71E787255BEFAD00E5B5F9 /* ImagePicker.swift in Sources */ = {isa = PBXBuildFile; fileRef = 7C71E786255BEFAD00E5B5F9 /* ImagePicker.swift */; };
		7C71E79F255C660900E5B5F9 /* Profile.storyboard in Resources */ = {isa = PBXBuildFile; fileRef = 7C71E79E255C660900E5B5F9 /* Profile.storyboard */; };
		7C71E7A4255C662000E5B5F9 /* ProfileController.swift in Sources */ = {isa = PBXBuildFile; fileRef = 7C71E7A3255C662000E5B5F9 /* ProfileController.swift */; };
		7C979AFE25514B8100882B98 /* SignUpModel.swift in Sources */ = {isa = PBXBuildFile; fileRef = 7C979AFD25514B8100882B98 /* SignUpModel.swift */; };
		7C979B0625514ED200882B98 /* APIManager.swift in Sources */ = {isa = PBXBuildFile; fileRef = 7C979B0525514ED200882B98 /* APIManager.swift */; };
		7C979B0C2551543300882B98 /* Alamofire in Frameworks */ = {isa = PBXBuildFile; productRef = 7C979B0B2551543300882B98 /* Alamofire */; };
		7CD1E90C254FF7CD00473A70 /* OnBoarding.storyboard in Resources */ = {isa = PBXBuildFile; fileRef = 7CD1E90B254FF7CD00473A70 /* OnBoarding.storyboard */; };
/* End PBXBuildFile section */

/* Begin PBXContainerItemProxy section */
		4FFB02CC25346DAB0000706E /* PBXContainerItemProxy */ = {
			isa = PBXContainerItemProxy;
			containerPortal = 4FFB02AD25346DA80000706E /* Project object */;
			proxyType = 1;
			remoteGlobalIDString = 4FFB02B425346DA90000706E;
			remoteInfo = MacroChallenge;
		};
		4FFB02D725346DAB0000706E /* PBXContainerItemProxy */ = {
			isa = PBXContainerItemProxy;
			containerPortal = 4FFB02AD25346DA80000706E /* Project object */;
			proxyType = 1;
			remoteGlobalIDString = 4FFB02B425346DA90000706E;
			remoteInfo = MacroChallenge;
		};
/* End PBXContainerItemProxy section */

/* Begin PBXFileReference section */
		4F5502DF2549664300DA1089 /* OnBoardingView.swift */ = {isa = PBXFileReference; lastKnownFileType = sourcecode.swift; path = OnBoardingView.swift; sourceTree = "<group>"; };
		4FED1BC625496B90001930C0 /* BrowseController.swift */ = {isa = PBXFileReference; lastKnownFileType = sourcecode.swift; path = BrowseController.swift; sourceTree = "<group>"; };
		4FED1BCE25496BB2001930C0 /* BrowseView.swift */ = {isa = PBXFileReference; lastKnownFileType = sourcecode.swift; path = BrowseView.swift; sourceTree = "<group>"; };
		4FED1BD325496BBB001930C0 /* Browse.storyboard */ = {isa = PBXFileReference; lastKnownFileType = file.storyboard; path = Browse.storyboard; sourceTree = "<group>"; };
		4FED1BD925496BEA001930C0 /* JenjangAnakAsuh.storyboard */ = {isa = PBXFileReference; lastKnownFileType = file.storyboard; path = JenjangAnakAsuh.storyboard; sourceTree = "<group>"; };
		4FED1BDE25496BF6001930C0 /* JenjangAnakAsuhView.swift */ = {isa = PBXFileReference; lastKnownFileType = sourcecode.swift; path = JenjangAnakAsuhView.swift; sourceTree = "<group>"; };
		4FED1BE325496C04001930C0 /* JenjangAnakAsuhController.swift */ = {isa = PBXFileReference; lastKnownFileType = sourcecode.swift; path = JenjangAnakAsuhController.swift; sourceTree = "<group>"; };
		4FED1BE925496C3B001930C0 /* SignUp.storyboard */ = {isa = PBXFileReference; lastKnownFileType = file.storyboard; path = SignUp.storyboard; sourceTree = "<group>"; };
		4FED1BEE25496C45001930C0 /* SignUpController.swift */ = {isa = PBXFileReference; lastKnownFileType = sourcecode.swift; path = SignUpController.swift; sourceTree = "<group>"; };
		4FED1BF325496C51001930C0 /* SignUpView.swift */ = {isa = PBXFileReference; lastKnownFileType = sourcecode.swift; path = SignUpView.swift; sourceTree = "<group>"; };
		4FED1BF925496CC1001930C0 /* SignIn.storyboard */ = {isa = PBXFileReference; lastKnownFileType = file.storyboard; path = SignIn.storyboard; sourceTree = "<group>"; };
		4FED1BFE25496CCD001930C0 /* SignInView.swift */ = {isa = PBXFileReference; lastKnownFileType = sourcecode.swift; path = SignInView.swift; sourceTree = "<group>"; };
		4FED1C0325496CD9001930C0 /* SignInController.swift */ = {isa = PBXFileReference; lastKnownFileType = sourcecode.swift; path = SignInController.swift; sourceTree = "<group>"; };
		4FED1C0925496D48001930C0 /* Pembayaran.storyboard */ = {isa = PBXFileReference; lastKnownFileType = file.storyboard; path = Pembayaran.storyboard; sourceTree = "<group>"; };
		4FED1C0E25496D5E001930C0 /* PembayaranController.swift */ = {isa = PBXFileReference; lastKnownFileType = sourcecode.swift; path = PembayaranController.swift; sourceTree = "<group>"; };
		4FED1C1325496D6B001930C0 /* PembayaranView.swift */ = {isa = PBXFileReference; lastKnownFileType = sourcecode.swift; path = PembayaranView.swift; sourceTree = "<group>"; };
		4FED1C1925496DD5001930C0 /* HasilPembayaran.storyboard */ = {isa = PBXFileReference; lastKnownFileType = file.storyboard; path = HasilPembayaran.storyboard; sourceTree = "<group>"; };
		4FED1C1E25496DE9001930C0 /* HasilPembayaranView.swift */ = {isa = PBXFileReference; lastKnownFileType = sourcecode.swift; path = HasilPembayaranView.swift; sourceTree = "<group>"; };
		4FED1C2325496DFA001930C0 /* HasilPembayaranController.swift */ = {isa = PBXFileReference; lastKnownFileType = sourcecode.swift; path = HasilPembayaranController.swift; sourceTree = "<group>"; };
		4FED1C2925496E79001930C0 /* UploadPembayaran.storyboard */ = {isa = PBXFileReference; lastKnownFileType = file.storyboard; path = UploadPembayaran.storyboard; sourceTree = "<group>"; };
		4FED1C2E25496E84001930C0 /* UploadPembayaranController.swift */ = {isa = PBXFileReference; lastKnownFileType = sourcecode.swift; path = UploadPembayaranController.swift; sourceTree = "<group>"; };
		4FED1C3325496E96001930C0 /* UploadPembayaranView.swift */ = {isa = PBXFileReference; lastKnownFileType = sourcecode.swift; path = UploadPembayaranView.swift; sourceTree = "<group>"; };
		4FED1C3925496F19001930C0 /* HistoryPembayaran.storyboard */ = {isa = PBXFileReference; lastKnownFileType = file.storyboard; path = HistoryPembayaran.storyboard; sourceTree = "<group>"; };
		4FED1C3E25496F33001930C0 /* HistoryPembayaranView.swift */ = {isa = PBXFileReference; lastKnownFileType = sourcecode.swift; path = HistoryPembayaranView.swift; sourceTree = "<group>"; };
		4FED1C4325496F46001930C0 /* HistoryPembayaranController.swift */ = {isa = PBXFileReference; lastKnownFileType = sourcecode.swift; path = HistoryPembayaranController.swift; sourceTree = "<group>"; };
		4FFB02B525346DA90000706E /* MacroChallenge.app */ = {isa = PBXFileReference; explicitFileType = wrapper.application; includeInIndex = 0; path = MacroChallenge.app; sourceTree = BUILT_PRODUCTS_DIR; };
		4FFB02B825346DA90000706E /* AppDelegate.swift */ = {isa = PBXFileReference; lastKnownFileType = sourcecode.swift; path = AppDelegate.swift; sourceTree = "<group>"; };
		4FFB02BA25346DA90000706E /* SceneDelegate.swift */ = {isa = PBXFileReference; lastKnownFileType = sourcecode.swift; path = SceneDelegate.swift; sourceTree = "<group>"; };
		4FFB02BC25346DA90000706E /* OnBoardingController.swift */ = {isa = PBXFileReference; lastKnownFileType = sourcecode.swift; path = OnBoardingController.swift; sourceTree = "<group>"; };
		4FFB02C125346DAB0000706E /* Assets.xcassets */ = {isa = PBXFileReference; lastKnownFileType = folder.assetcatalog; path = Assets.xcassets; sourceTree = "<group>"; };
		4FFB02C425346DAB0000706E /* Base */ = {isa = PBXFileReference; lastKnownFileType = file.storyboard; name = Base; path = Base.lproj/LaunchScreen.storyboard; sourceTree = "<group>"; };
		4FFB02C625346DAB0000706E /* Info.plist */ = {isa = PBXFileReference; lastKnownFileType = text.plist.xml; path = Info.plist; sourceTree = "<group>"; };
		4FFB02CB25346DAB0000706E /* MacroChallengeTests.xctest */ = {isa = PBXFileReference; explicitFileType = wrapper.cfbundle; includeInIndex = 0; path = MacroChallengeTests.xctest; sourceTree = BUILT_PRODUCTS_DIR; };
		4FFB02CF25346DAB0000706E /* MacroChallengeTests.swift */ = {isa = PBXFileReference; lastKnownFileType = sourcecode.swift; path = MacroChallengeTests.swift; sourceTree = "<group>"; };
		4FFB02D125346DAB0000706E /* Info.plist */ = {isa = PBXFileReference; lastKnownFileType = text.plist.xml; path = Info.plist; sourceTree = "<group>"; };
		4FFB02D625346DAB0000706E /* MacroChallengeUITests.xctest */ = {isa = PBXFileReference; explicitFileType = wrapper.cfbundle; includeInIndex = 0; path = MacroChallengeUITests.xctest; sourceTree = BUILT_PRODUCTS_DIR; };
		4FFB02DA25346DAB0000706E /* MacroChallengeUITests.swift */ = {isa = PBXFileReference; lastKnownFileType = sourcecode.swift; path = MacroChallengeUITests.swift; sourceTree = "<group>"; };
		4FFB02DC25346DAB0000706E /* Info.plist */ = {isa = PBXFileReference; lastKnownFileType = text.plist.xml; path = Info.plist; sourceTree = "<group>"; };
		7C52FD8025539DC800A4C1A8 /* TableViewController.swift */ = {isa = PBXFileReference; lastKnownFileType = sourcecode.swift; path = TableViewController.swift; sourceTree = "<group>"; };
		7C52FD8C25545C1600A4C1A8 /* MainMenuController.swift */ = {isa = PBXFileReference; lastKnownFileType = sourcecode.swift; path = MainMenuController.swift; sourceTree = "<group>"; };
		7C52FD9425545C2B00A4C1A8 /* MainMenu.storyboard */ = {isa = PBXFileReference; lastKnownFileType = file.storyboard; path = MainMenu.storyboard; sourceTree = "<group>"; };
		7C52FD992554637200A4C1A8 /* MainMenu.storyboard */ = {isa = PBXFileReference; lastKnownFileType = file.storyboard; name = MainMenu.storyboard; path = MacroChallenge/Presentation/MainMenu/MainMenu.storyboard; sourceTree = "<group>"; };
		7C71E786255BEFAD00E5B5F9 /* ImagePicker.swift */ = {isa = PBXFileReference; lastKnownFileType = sourcecode.swift; path = ImagePicker.swift; sourceTree = "<group>"; };
		7C71E79E255C660900E5B5F9 /* Profile.storyboard */ = {isa = PBXFileReference; lastKnownFileType = file.storyboard; path = Profile.storyboard; sourceTree = "<group>"; };
		7C71E7A3255C662000E5B5F9 /* ProfileController.swift */ = {isa = PBXFileReference; lastKnownFileType = sourcecode.swift; path = ProfileController.swift; sourceTree = "<group>"; };
		7C979AFD25514B8100882B98 /* SignUpModel.swift */ = {isa = PBXFileReference; lastKnownFileType = sourcecode.swift; path = SignUpModel.swift; sourceTree = "<group>"; };
		7C979B0525514ED200882B98 /* APIManager.swift */ = {isa = PBXFileReference; lastKnownFileType = sourcecode.swift; path = APIManager.swift; sourceTree = "<group>"; };
		7CD1E90B254FF7CD00473A70 /* OnBoarding.storyboard */ = {isa = PBXFileReference; fileEncoding = 4; lastKnownFileType = file.storyboard; path = OnBoarding.storyboard; sourceTree = "<group>"; };
/* End PBXFileReference section */

/* Begin PBXFrameworksBuildPhase section */
		4FFB02B225346DA90000706E /* Frameworks */ = {
			isa = PBXFrameworksBuildPhase;
			buildActionMask = 2147483647;
			files = (
				7C979B0C2551543300882B98 /* Alamofire in Frameworks */,
			);
			runOnlyForDeploymentPostprocessing = 0;
		};
		4FFB02C825346DAB0000706E /* Frameworks */ = {
			isa = PBXFrameworksBuildPhase;
			buildActionMask = 2147483647;
			files = (
			);
			runOnlyForDeploymentPostprocessing = 0;
		};
		4FFB02D325346DAB0000706E /* Frameworks */ = {
			isa = PBXFrameworksBuildPhase;
			buildActionMask = 2147483647;
			files = (
			);
			runOnlyForDeploymentPostprocessing = 0;
		};
/* End PBXFrameworksBuildPhase section */

/* Begin PBXGroup section */
		4FED1BC525496B6F001930C0 /* BrowseUI */ = {
			isa = PBXGroup;
			children = (
				4FED1BC625496B90001930C0 /* BrowseController.swift */,
				4FED1BCE25496BB2001930C0 /* BrowseView.swift */,
				4FED1BD325496BBB001930C0 /* Browse.storyboard */,
			);
			path = BrowseUI;
			sourceTree = "<group>";
		};
		4FED1BD825496BD9001930C0 /* JenjangAnakAsuhUI */ = {
			isa = PBXGroup;
			children = (
				4FED1BD925496BEA001930C0 /* JenjangAnakAsuh.storyboard */,
				4FED1BDE25496BF6001930C0 /* JenjangAnakAsuhView.swift */,
				4FED1BE325496C04001930C0 /* JenjangAnakAsuhController.swift */,
			);
			path = JenjangAnakAsuhUI;
			sourceTree = "<group>";
		};
		4FED1BE825496C2B001930C0 /* SignUpUI */ = {
			isa = PBXGroup;
			children = (
				4FED1BE925496C3B001930C0 /* SignUp.storyboard */,
				4FED1BEE25496C45001930C0 /* SignUpController.swift */,
				4FED1BF325496C51001930C0 /* SignUpView.swift */,
				7C979AFD25514B8100882B98 /* SignUpModel.swift */,
				7C979B0525514ED200882B98 /* APIManager.swift */,
				7C52FD8025539DC800A4C1A8 /* TableViewController.swift */,
			);
			path = SignUpUI;
			sourceTree = "<group>";
		};
		4FED1BF825496CB7001930C0 /* SignInUI */ = {
			isa = PBXGroup;
			children = (
				4FED1BF925496CC1001930C0 /* SignIn.storyboard */,
				4FED1BFE25496CCD001930C0 /* SignInView.swift */,
				4FED1C0325496CD9001930C0 /* SignInController.swift */,
			);
			path = SignInUI;
			sourceTree = "<group>";
		};
		4FED1C0825496D3C001930C0 /* PembayaranUI */ = {
			isa = PBXGroup;
			children = (
				4FED1C0925496D48001930C0 /* Pembayaran.storyboard */,
				4FED1C0E25496D5E001930C0 /* PembayaranController.swift */,
				4FED1C1325496D6B001930C0 /* PembayaranView.swift */,
			);
			path = PembayaranUI;
			sourceTree = "<group>";
		};
		4FED1C1825496DC4001930C0 /* HasilPembayaranUI */ = {
			isa = PBXGroup;
			children = (
				4FED1C1925496DD5001930C0 /* HasilPembayaran.storyboard */,
				4FED1C1E25496DE9001930C0 /* HasilPembayaranView.swift */,
				4FED1C2325496DFA001930C0 /* HasilPembayaranController.swift */,
			);
			path = HasilPembayaranUI;
			sourceTree = "<group>";
		};
		4FED1C2825496E67001930C0 /* UploadPembayaranUI */ = {
			isa = PBXGroup;
			children = (
				4FED1C2925496E79001930C0 /* UploadPembayaran.storyboard */,
				4FED1C2E25496E84001930C0 /* UploadPembayaranController.swift */,
				4FED1C3325496E96001930C0 /* UploadPembayaranView.swift */,
				7C71E786255BEFAD00E5B5F9 /* ImagePicker.swift */,
			);
			path = UploadPembayaranUI;
			sourceTree = "<group>";
		};
		4FED1C3825496EF5001930C0 /* HistoryPembayaranUI */ = {
			isa = PBXGroup;
			children = (
				4FED1C3925496F19001930C0 /* HistoryPembayaran.storyboard */,
				4FED1C3E25496F33001930C0 /* HistoryPembayaranView.swift */,
				4FED1C4325496F46001930C0 /* HistoryPembayaranController.swift */,
			);
			path = HistoryPembayaranUI;
			sourceTree = "<group>";
		};
		4FFB02AC25346DA80000706E = {
			isa = PBXGroup;
			children = (
				7C52FD992554637200A4C1A8 /* MainMenu.storyboard */,
				4FFB02B725346DA90000706E /* MacroChallenge */,
				4FFB02CE25346DAB0000706E /* MacroChallengeTests */,
				4FFB02D925346DAB0000706E /* MacroChallengeUITests */,
				4FFB02B625346DA90000706E /* Products */,
			);
			sourceTree = "<group>";
		};
		4FFB02B625346DA90000706E /* Products */ = {
			isa = PBXGroup;
			children = (
				4FFB02B525346DA90000706E /* MacroChallenge.app */,
				4FFB02CB25346DAB0000706E /* MacroChallengeTests.xctest */,
				4FFB02D625346DAB0000706E /* MacroChallengeUITests.xctest */,
			);
			name = Products;
			sourceTree = "<group>";
		};
		4FFB02B725346DA90000706E /* MacroChallenge */ = {
			isa = PBXGroup;
			children = (
				4FFB02EB25346DC80000706E /* App */,
				4FFB02ED25346DD40000706E /* Presentation */,
				4FFB02EC25346DCD0000706E /* Resources */,
			);
			path = MacroChallenge;
			sourceTree = "<group>";
		};
		4FFB02CE25346DAB0000706E /* MacroChallengeTests */ = {
			isa = PBXGroup;
			children = (
				4FFB02CF25346DAB0000706E /* MacroChallengeTests.swift */,
				4FFB02D125346DAB0000706E /* Info.plist */,
			);
			path = MacroChallengeTests;
			sourceTree = "<group>";
		};
		4FFB02D925346DAB0000706E /* MacroChallengeUITests */ = {
			isa = PBXGroup;
			children = (
				4FFB02DA25346DAB0000706E /* MacroChallengeUITests.swift */,
				4FFB02DC25346DAB0000706E /* Info.plist */,
			);
			path = MacroChallengeUITests;
			sourceTree = "<group>";
		};
		4FFB02EB25346DC80000706E /* App */ = {
			isa = PBXGroup;
			children = (
				4FFB02B825346DA90000706E /* AppDelegate.swift */,
				4FFB02BA25346DA90000706E /* SceneDelegate.swift */,
			);
			path = App;
			sourceTree = "<group>";
		};
		4FFB02EC25346DCD0000706E /* Resources */ = {
			isa = PBXGroup;
			children = (
				4FFB02C625346DAB0000706E /* Info.plist */,
				4FFB02C125346DAB0000706E /* Assets.xcassets */,
				4FFB02C325346DAB0000706E /* LaunchScreen.storyboard */,
			);
			path = Resources;
			sourceTree = "<group>";
		};
		4FFB02ED25346DD40000706E /* Presentation */ = {
			isa = PBXGroup;
			children = (
				7C71E79D255C65D000E5B5F9 /* ProfileUI */,
				7C52FD8B25545BE900A4C1A8 /* MainMenu */,
				4FED1C3825496EF5001930C0 /* HistoryPembayaranUI */,
				4FED1C2825496E67001930C0 /* UploadPembayaranUI */,
				4FED1C1825496DC4001930C0 /* HasilPembayaranUI */,
				4FED1C0825496D3C001930C0 /* PembayaranUI */,
				4FED1BF825496CB7001930C0 /* SignInUI */,
				4FED1BE825496C2B001930C0 /* SignUpUI */,
				4FED1BD825496BD9001930C0 /* JenjangAnakAsuhUI */,
				4FED1BC525496B6F001930C0 /* BrowseUI */,
				4FFB02F125346DEA0000706E /* OnBoardingUI */,
			);
			path = Presentation;
			sourceTree = "<group>";
		};
		4FFB02F125346DEA0000706E /* OnBoardingUI */ = {
			isa = PBXGroup;
			children = (
				7CD1E90B254FF7CD00473A70 /* OnBoarding.storyboard */,
				4FFB02BC25346DA90000706E /* OnBoardingController.swift */,
				4F5502DF2549664300DA1089 /* OnBoardingView.swift */,
			);
			path = OnBoardingUI;
			sourceTree = "<group>";
		};
		7C52FD8B25545BE900A4C1A8 /* MainMenu */ = {
			isa = PBXGroup;
			children = (
				7C52FD8C25545C1600A4C1A8 /* MainMenuController.swift */,
				7C52FD9425545C2B00A4C1A8 /* MainMenu.storyboard */,
			);
			path = MainMenu;
			sourceTree = "<group>";
		};
		7C71E79D255C65D000E5B5F9 /* ProfileUI */ = {
			isa = PBXGroup;
			children = (
				7C71E79E255C660900E5B5F9 /* Profile.storyboard */,
				7C71E7A3255C662000E5B5F9 /* ProfileController.swift */,
			);
			path = ProfileUI;
			sourceTree = "<group>";
		};
/* End PBXGroup section */

/* Begin PBXNativeTarget section */
		4FFB02B425346DA90000706E /* MacroChallenge */ = {
			isa = PBXNativeTarget;
			buildConfigurationList = 4FFB02DF25346DAB0000706E /* Build configuration list for PBXNativeTarget "MacroChallenge" */;
			buildPhases = (
				4FFB02B125346DA90000706E /* Sources */,
				4FFB02B225346DA90000706E /* Frameworks */,
				4FFB02B325346DA90000706E /* Resources */,
			);
			buildRules = (
			);
			dependencies = (
			);
			name = MacroChallenge;
			packageProductDependencies = (
				7C979B0B2551543300882B98 /* Alamofire */,
			);
			productName = MacroChallenge;
			productReference = 4FFB02B525346DA90000706E /* MacroChallenge.app */;
			productType = "com.apple.product-type.application";
		};
		4FFB02CA25346DAB0000706E /* MacroChallengeTests */ = {
			isa = PBXNativeTarget;
			buildConfigurationList = 4FFB02E225346DAB0000706E /* Build configuration list for PBXNativeTarget "MacroChallengeTests" */;
			buildPhases = (
				4FFB02C725346DAB0000706E /* Sources */,
				4FFB02C825346DAB0000706E /* Frameworks */,
				4FFB02C925346DAB0000706E /* Resources */,
			);
			buildRules = (
			);
			dependencies = (
				4FFB02CD25346DAB0000706E /* PBXTargetDependency */,
			);
			name = MacroChallengeTests;
			productName = MacroChallengeTests;
			productReference = 4FFB02CB25346DAB0000706E /* MacroChallengeTests.xctest */;
			productType = "com.apple.product-type.bundle.unit-test";
		};
		4FFB02D525346DAB0000706E /* MacroChallengeUITests */ = {
			isa = PBXNativeTarget;
			buildConfigurationList = 4FFB02E525346DAB0000706E /* Build configuration list for PBXNativeTarget "MacroChallengeUITests" */;
			buildPhases = (
				4FFB02D225346DAB0000706E /* Sources */,
				4FFB02D325346DAB0000706E /* Frameworks */,
				4FFB02D425346DAB0000706E /* Resources */,
			);
			buildRules = (
			);
			dependencies = (
				4FFB02D825346DAB0000706E /* PBXTargetDependency */,
			);
			name = MacroChallengeUITests;
			productName = MacroChallengeUITests;
			productReference = 4FFB02D625346DAB0000706E /* MacroChallengeUITests.xctest */;
			productType = "com.apple.product-type.bundle.ui-testing";
		};
/* End PBXNativeTarget section */

/* Begin PBXProject section */
		4FFB02AD25346DA80000706E /* Project object */ = {
			isa = PBXProject;
			attributes = {
				LastSwiftUpdateCheck = 1200;
				LastUpgradeCheck = 1200;
				TargetAttributes = {
					4FFB02B425346DA90000706E = {
						CreatedOnToolsVersion = 12.0.1;
					};
					4FFB02CA25346DAB0000706E = {
						CreatedOnToolsVersion = 12.0.1;
						TestTargetID = 4FFB02B425346DA90000706E;
					};
					4FFB02D525346DAB0000706E = {
						CreatedOnToolsVersion = 12.0.1;
						TestTargetID = 4FFB02B425346DA90000706E;
					};
				};
			};
			buildConfigurationList = 4FFB02B025346DA80000706E /* Build configuration list for PBXProject "MacroChallenge" */;
			compatibilityVersion = "Xcode 9.3";
			developmentRegion = en;
			hasScannedForEncodings = 0;
			knownRegions = (
				en,
				Base,
			);
			mainGroup = 4FFB02AC25346DA80000706E;
			packageReferences = (
				7C979B0A2551543300882B98 /* XCRemoteSwiftPackageReference "Alamofire" */,
			);
			productRefGroup = 4FFB02B625346DA90000706E /* Products */;
			projectDirPath = "";
			projectRoot = "";
			targets = (
				4FFB02B425346DA90000706E /* MacroChallenge */,
				4FFB02CA25346DAB0000706E /* MacroChallengeTests */,
				4FFB02D525346DAB0000706E /* MacroChallengeUITests */,
			);
		};
/* End PBXProject section */

/* Begin PBXResourcesBuildPhase section */
		4FFB02B325346DA90000706E /* Resources */ = {
			isa = PBXResourcesBuildPhase;
			buildActionMask = 2147483647;
			files = (
				7C52FD9525545C2B00A4C1A8 /* MainMenu.storyboard in Resources */,
				7CD1E90C254FF7CD00473A70 /* OnBoarding.storyboard in Resources */,
				4FFB02C525346DAB0000706E /* LaunchScreen.storyboard in Resources */,
				4FFB02C225346DAB0000706E /* Assets.xcassets in Resources */,
				4FED1BEA25496C3B001930C0 /* SignUp.storyboard in Resources */,
				7C71E79F255C660900E5B5F9 /* Profile.storyboard in Resources */,
				4FED1BDA25496BEA001930C0 /* JenjangAnakAsuh.storyboard in Resources */,
				4FED1C0A25496D48001930C0 /* Pembayaran.storyboard in Resources */,
				4FED1C3A25496F19001930C0 /* HistoryPembayaran.storyboard in Resources */,
				4FED1BD425496BBB001930C0 /* Browse.storyboard in Resources */,
				4FED1C1A25496DD5001930C0 /* HasilPembayaran.storyboard in Resources */,
				4FED1BFA25496CC1001930C0 /* SignIn.storyboard in Resources */,
				4FED1C2A25496E79001930C0 /* UploadPembayaran.storyboard in Resources */,
			);
			runOnlyForDeploymentPostprocessing = 0;
		};
		4FFB02C925346DAB0000706E /* Resources */ = {
			isa = PBXResourcesBuildPhase;
			buildActionMask = 2147483647;
			files = (
			);
			runOnlyForDeploymentPostprocessing = 0;
		};
		4FFB02D425346DAB0000706E /* Resources */ = {
			isa = PBXResourcesBuildPhase;
			buildActionMask = 2147483647;
			files = (
			);
			runOnlyForDeploymentPostprocessing = 0;
		};
/* End PBXResourcesBuildPhase section */

/* Begin PBXSourcesBuildPhase section */
		4FFB02B125346DA90000706E /* Sources */ = {
			isa = PBXSourcesBuildPhase;
			buildActionMask = 2147483647;
			files = (
				7C52FD8125539DC800A4C1A8 /* TableViewController.swift in Sources */,
				4FED1BC725496B90001930C0 /* BrowseController.swift in Sources */,
				7C71E787255BEFAD00E5B5F9 /* ImagePicker.swift in Sources */,
				4FFB02BD25346DA90000706E /* OnBoardingController.swift in Sources */,
				4FED1C1F25496DE9001930C0 /* HasilPembayaranView.swift in Sources */,
				7C71E7A4255C662000E5B5F9 /* ProfileController.swift in Sources */,
				4FED1C2F25496E84001930C0 /* UploadPembayaranController.swift in Sources */,
				7C979B0625514ED200882B98 /* APIManager.swift in Sources */,
				4FED1C3F25496F33001930C0 /* HistoryPembayaranView.swift in Sources */,
				4FED1BEF25496C45001930C0 /* SignUpController.swift in Sources */,
				4F5502E02549664300DA1089 /* OnBoardingView.swift in Sources */,
				4FED1C1425496D6B001930C0 /* PembayaranView.swift in Sources */,
				4FED1C3425496E96001930C0 /* UploadPembayaranView.swift in Sources */,
				4FED1C0F25496D5E001930C0 /* PembayaranController.swift in Sources */,
				4FFB02B925346DA90000706E /* AppDelegate.swift in Sources */,
				4FED1BDF25496BF6001930C0 /* JenjangAnakAsuhView.swift in Sources */,
				4FED1BF425496C51001930C0 /* SignUpView.swift in Sources */,
				4FED1BCF25496BB2001930C0 /* BrowseView.swift in Sources */,
				4FED1C4425496F46001930C0 /* HistoryPembayaranController.swift in Sources */,
				7C52FD8D25545C1600A4C1A8 /* MainMenuController.swift in Sources */,
				7C979AFE25514B8100882B98 /* SignUpModel.swift in Sources */,
				4FFB02BB25346DA90000706E /* SceneDelegate.swift in Sources */,
				4FED1C0425496CD9001930C0 /* SignInController.swift in Sources */,
				4FED1BFF25496CCD001930C0 /* SignInView.swift in Sources */,
				4FED1BE425496C04001930C0 /* JenjangAnakAsuhController.swift in Sources */,
				4FED1C2425496DFA001930C0 /* HasilPembayaranController.swift in Sources */,
			);
			runOnlyForDeploymentPostprocessing = 0;
		};
		4FFB02C725346DAB0000706E /* Sources */ = {
			isa = PBXSourcesBuildPhase;
			buildActionMask = 2147483647;
			files = (
				4FFB02D025346DAB0000706E /* MacroChallengeTests.swift in Sources */,
			);
			runOnlyForDeploymentPostprocessing = 0;
		};
		4FFB02D225346DAB0000706E /* Sources */ = {
			isa = PBXSourcesBuildPhase;
			buildActionMask = 2147483647;
			files = (
				4FFB02DB25346DAB0000706E /* MacroChallengeUITests.swift in Sources */,
			);
			runOnlyForDeploymentPostprocessing = 0;
		};
/* End PBXSourcesBuildPhase section */

/* Begin PBXTargetDependency section */
		4FFB02CD25346DAB0000706E /* PBXTargetDependency */ = {
			isa = PBXTargetDependency;
			target = 4FFB02B425346DA90000706E /* MacroChallenge */;
			targetProxy = 4FFB02CC25346DAB0000706E /* PBXContainerItemProxy */;
		};
		4FFB02D825346DAB0000706E /* PBXTargetDependency */ = {
			isa = PBXTargetDependency;
			target = 4FFB02B425346DA90000706E /* MacroChallenge */;
			targetProxy = 4FFB02D725346DAB0000706E /* PBXContainerItemProxy */;
		};
/* End PBXTargetDependency section */

/* Begin PBXVariantGroup section */
		4FFB02C325346DAB0000706E /* LaunchScreen.storyboard */ = {
			isa = PBXVariantGroup;
			children = (
				4FFB02C425346DAB0000706E /* Base */,
			);
			name = LaunchScreen.storyboard;
			sourceTree = "<group>";
		};
/* End PBXVariantGroup section */

/* Begin XCBuildConfiguration section */
		4FFB02DD25346DAB0000706E /* Debug */ = {
			isa = XCBuildConfiguration;
			buildSettings = {
				ALWAYS_SEARCH_USER_PATHS = NO;
				CLANG_ANALYZER_NONNULL = YES;
				CLANG_ANALYZER_NUMBER_OBJECT_CONVERSION = YES_AGGRESSIVE;
				CLANG_CXX_LANGUAGE_STANDARD = "gnu++14";
				CLANG_CXX_LIBRARY = "libc++";
				CLANG_ENABLE_MODULES = YES;
				CLANG_ENABLE_OBJC_ARC = YES;
				CLANG_ENABLE_OBJC_WEAK = YES;
				CLANG_WARN_BLOCK_CAPTURE_AUTORELEASING = YES;
				CLANG_WARN_BOOL_CONVERSION = YES;
				CLANG_WARN_COMMA = YES;
				CLANG_WARN_CONSTANT_CONVERSION = YES;
				CLANG_WARN_DEPRECATED_OBJC_IMPLEMENTATIONS = YES;
				CLANG_WARN_DIRECT_OBJC_ISA_USAGE = YES_ERROR;
				CLANG_WARN_DOCUMENTATION_COMMENTS = YES;
				CLANG_WARN_EMPTY_BODY = YES;
				CLANG_WARN_ENUM_CONVERSION = YES;
				CLANG_WARN_INFINITE_RECURSION = YES;
				CLANG_WARN_INT_CONVERSION = YES;
				CLANG_WARN_NON_LITERAL_NULL_CONVERSION = YES;
				CLANG_WARN_OBJC_IMPLICIT_RETAIN_SELF = YES;
				CLANG_WARN_OBJC_LITERAL_CONVERSION = YES;
				CLANG_WARN_OBJC_ROOT_CLASS = YES_ERROR;
				CLANG_WARN_QUOTED_INCLUDE_IN_FRAMEWORK_HEADER = YES;
				CLANG_WARN_RANGE_LOOP_ANALYSIS = YES;
				CLANG_WARN_STRICT_PROTOTYPES = YES;
				CLANG_WARN_SUSPICIOUS_MOVE = YES;
				CLANG_WARN_UNGUARDED_AVAILABILITY = YES_AGGRESSIVE;
				CLANG_WARN_UNREACHABLE_CODE = YES;
				CLANG_WARN__DUPLICATE_METHOD_MATCH = YES;
				COPY_PHASE_STRIP = NO;
				DEBUG_INFORMATION_FORMAT = dwarf;
				ENABLE_STRICT_OBJC_MSGSEND = YES;
				ENABLE_TESTABILITY = YES;
				GCC_C_LANGUAGE_STANDARD = gnu11;
				GCC_DYNAMIC_NO_PIC = NO;
				GCC_NO_COMMON_BLOCKS = YES;
				GCC_OPTIMIZATION_LEVEL = 0;
				GCC_PREPROCESSOR_DEFINITIONS = (
					"DEBUG=1",
					"$(inherited)",
				);
				GCC_WARN_64_TO_32_BIT_CONVERSION = YES;
				GCC_WARN_ABOUT_RETURN_TYPE = YES_ERROR;
				GCC_WARN_UNDECLARED_SELECTOR = YES;
				GCC_WARN_UNINITIALIZED_AUTOS = YES_AGGRESSIVE;
				GCC_WARN_UNUSED_FUNCTION = YES;
				GCC_WARN_UNUSED_VARIABLE = YES;
				IPHONEOS_DEPLOYMENT_TARGET = 14.0;
				MTL_ENABLE_DEBUG_INFO = INCLUDE_SOURCE;
				MTL_FAST_MATH = YES;
				ONLY_ACTIVE_ARCH = YES;
				SDKROOT = iphoneos;
				SWIFT_ACTIVE_COMPILATION_CONDITIONS = DEBUG;
				SWIFT_OPTIMIZATION_LEVEL = "-Onone";
			};
			name = Debug;
		};
		4FFB02DE25346DAB0000706E /* Release */ = {
			isa = XCBuildConfiguration;
			buildSettings = {
				ALWAYS_SEARCH_USER_PATHS = NO;
				CLANG_ANALYZER_NONNULL = YES;
				CLANG_ANALYZER_NUMBER_OBJECT_CONVERSION = YES_AGGRESSIVE;
				CLANG_CXX_LANGUAGE_STANDARD = "gnu++14";
				CLANG_CXX_LIBRARY = "libc++";
				CLANG_ENABLE_MODULES = YES;
				CLANG_ENABLE_OBJC_ARC = YES;
				CLANG_ENABLE_OBJC_WEAK = YES;
				CLANG_WARN_BLOCK_CAPTURE_AUTORELEASING = YES;
				CLANG_WARN_BOOL_CONVERSION = YES;
				CLANG_WARN_COMMA = YES;
				CLANG_WARN_CONSTANT_CONVERSION = YES;
				CLANG_WARN_DEPRECATED_OBJC_IMPLEMENTATIONS = YES;
				CLANG_WARN_DIRECT_OBJC_ISA_USAGE = YES_ERROR;
				CLANG_WARN_DOCUMENTATION_COMMENTS = YES;
				CLANG_WARN_EMPTY_BODY = YES;
				CLANG_WARN_ENUM_CONVERSION = YES;
				CLANG_WARN_INFINITE_RECURSION = YES;
				CLANG_WARN_INT_CONVERSION = YES;
				CLANG_WARN_NON_LITERAL_NULL_CONVERSION = YES;
				CLANG_WARN_OBJC_IMPLICIT_RETAIN_SELF = YES;
				CLANG_WARN_OBJC_LITERAL_CONVERSION = YES;
				CLANG_WARN_OBJC_ROOT_CLASS = YES_ERROR;
				CLANG_WARN_QUOTED_INCLUDE_IN_FRAMEWORK_HEADER = YES;
				CLANG_WARN_RANGE_LOOP_ANALYSIS = YES;
				CLANG_WARN_STRICT_PROTOTYPES = YES;
				CLANG_WARN_SUSPICIOUS_MOVE = YES;
				CLANG_WARN_UNGUARDED_AVAILABILITY = YES_AGGRESSIVE;
				CLANG_WARN_UNREACHABLE_CODE = YES;
				CLANG_WARN__DUPLICATE_METHOD_MATCH = YES;
				COPY_PHASE_STRIP = NO;
				DEBUG_INFORMATION_FORMAT = "dwarf-with-dsym";
				ENABLE_NS_ASSERTIONS = NO;
				ENABLE_STRICT_OBJC_MSGSEND = YES;
				GCC_C_LANGUAGE_STANDARD = gnu11;
				GCC_NO_COMMON_BLOCKS = YES;
				GCC_WARN_64_TO_32_BIT_CONVERSION = YES;
				GCC_WARN_ABOUT_RETURN_TYPE = YES_ERROR;
				GCC_WARN_UNDECLARED_SELECTOR = YES;
				GCC_WARN_UNINITIALIZED_AUTOS = YES_AGGRESSIVE;
				GCC_WARN_UNUSED_FUNCTION = YES;
				GCC_WARN_UNUSED_VARIABLE = YES;
				IPHONEOS_DEPLOYMENT_TARGET = 14.0;
				MTL_ENABLE_DEBUG_INFO = NO;
				MTL_FAST_MATH = YES;
				SDKROOT = iphoneos;
				SWIFT_COMPILATION_MODE = wholemodule;
				SWIFT_OPTIMIZATION_LEVEL = "-O";
				VALIDATE_PRODUCT = YES;
			};
			name = Release;
		};
		4FFB02E025346DAB0000706E /* Debug */ = {
			isa = XCBuildConfiguration;
			buildSettings = {
				ASSETCATALOG_COMPILER_APPICON_NAME = AppIcon;
				ASSETCATALOG_COMPILER_GLOBAL_ACCENT_COLOR_NAME = AccentColor;
				CODE_SIGN_STYLE = Automatic;
				DEVELOPMENT_TEAM = Y569LUKFKW;
				INFOPLIST_FILE = "$(SRCROOT)/MacroChallenge/Resources/Info.plist";
				LD_RUNPATH_SEARCH_PATHS = (
					"$(inherited)",
					"@executable_path/Frameworks",
				);
				MARKETING_VERSION = 1.0.0;
				PRODUCT_BUNDLE_IDENTIFIER = com.appleacademy.MacroChallenge;
				PRODUCT_NAME = "$(TARGET_NAME)";
				SWIFT_VERSION = 5.0;
				TARGETED_DEVICE_FAMILY = 1;
			};
			name = Debug;
		};
		4FFB02E125346DAB0000706E /* Release */ = {
			isa = XCBuildConfiguration;
			buildSettings = {
				ASSETCATALOG_COMPILER_APPICON_NAME = AppIcon;
				ASSETCATALOG_COMPILER_GLOBAL_ACCENT_COLOR_NAME = AccentColor;
				CODE_SIGN_STYLE = Automatic;
				DEVELOPMENT_TEAM = Y569LUKFKW;
				INFOPLIST_FILE = "$(SRCROOT)/MacroChallenge/Resources/Info.plist";
				LD_RUNPATH_SEARCH_PATHS = (
					"$(inherited)",
					"@executable_path/Frameworks",
				);
				MARKETING_VERSION = 1.0.0;
				PRODUCT_BUNDLE_IDENTIFIER = com.appleacademy.MacroChallenge;
				PRODUCT_NAME = "$(TARGET_NAME)";
				SWIFT_VERSION = 5.0;
				TARGETED_DEVICE_FAMILY = 1;
			};
			name = Release;
		};
		4FFB02E325346DAB0000706E /* Debug */ = {
			isa = XCBuildConfiguration;
			buildSettings = {
				ALWAYS_EMBED_SWIFT_STANDARD_LIBRARIES = YES;
				BUNDLE_LOADER = "$(TEST_HOST)";
				CODE_SIGN_STYLE = Automatic;
				DEVELOPMENT_TEAM = 5NTQ9A32JY;
				INFOPLIST_FILE = MacroChallengeTests/Info.plist;
				IPHONEOS_DEPLOYMENT_TARGET = 14.0;
				LD_RUNPATH_SEARCH_PATHS = (
					"$(inherited)",
					"@executable_path/Frameworks",
					"@loader_path/Frameworks",
				);
				PRODUCT_BUNDLE_IDENTIFIER = com.appleacademy.MacroChallengeTests;
				PRODUCT_NAME = "$(TARGET_NAME)";
				SWIFT_VERSION = 5.0;
				TARGETED_DEVICE_FAMILY = "1,2";
				TEST_HOST = "$(BUILT_PRODUCTS_DIR)/MacroChallenge.app/MacroChallenge";
			};
			name = Debug;
		};
		4FFB02E425346DAB0000706E /* Release */ = {
			isa = XCBuildConfiguration;
			buildSettings = {
				ALWAYS_EMBED_SWIFT_STANDARD_LIBRARIES = YES;
				BUNDLE_LOADER = "$(TEST_HOST)";
				CODE_SIGN_STYLE = Automatic;
				DEVELOPMENT_TEAM = 5NTQ9A32JY;
				INFOPLIST_FILE = MacroChallengeTests/Info.plist;
				IPHONEOS_DEPLOYMENT_TARGET = 14.0;
				LD_RUNPATH_SEARCH_PATHS = (
					"$(inherited)",
					"@executable_path/Frameworks",
					"@loader_path/Frameworks",
				);
				PRODUCT_BUNDLE_IDENTIFIER = com.appleacademy.MacroChallengeTests;
				PRODUCT_NAME = "$(TARGET_NAME)";
				SWIFT_VERSION = 5.0;
				TARGETED_DEVICE_FAMILY = "1,2";
				TEST_HOST = "$(BUILT_PRODUCTS_DIR)/MacroChallenge.app/MacroChallenge";
			};
			name = Release;
		};
		4FFB02E625346DAB0000706E /* Debug */ = {
			isa = XCBuildConfiguration;
			buildSettings = {
				ALWAYS_EMBED_SWIFT_STANDARD_LIBRARIES = YES;
				CODE_SIGN_STYLE = Automatic;
				DEVELOPMENT_TEAM = 5NTQ9A32JY;
				INFOPLIST_FILE = MacroChallengeUITests/Info.plist;
				LD_RUNPATH_SEARCH_PATHS = (
					"$(inherited)",
					"@executable_path/Frameworks",
					"@loader_path/Frameworks",
				);
				PRODUCT_BUNDLE_IDENTIFIER = com.appleacademy.MacroChallengeUITests;
				PRODUCT_NAME = "$(TARGET_NAME)";
				SWIFT_VERSION = 5.0;
				TARGETED_DEVICE_FAMILY = "1,2";
				TEST_TARGET_NAME = MacroChallenge;
			};
			name = Debug;
		};
		4FFB02E725346DAB0000706E /* Release */ = {
			isa = XCBuildConfiguration;
			buildSettings = {
				ALWAYS_EMBED_SWIFT_STANDARD_LIBRARIES = YES;
				CODE_SIGN_STYLE = Automatic;
				DEVELOPMENT_TEAM = 5NTQ9A32JY;
				INFOPLIST_FILE = MacroChallengeUITests/Info.plist;
				LD_RUNPATH_SEARCH_PATHS = (
					"$(inherited)",
					"@executable_path/Frameworks",
					"@loader_path/Frameworks",
				);
				PRODUCT_BUNDLE_IDENTIFIER = com.appleacademy.MacroChallengeUITests;
				PRODUCT_NAME = "$(TARGET_NAME)";
				SWIFT_VERSION = 5.0;
				TARGETED_DEVICE_FAMILY = "1,2";
				TEST_TARGET_NAME = MacroChallenge;
			};
			name = Release;
		};
/* End XCBuildConfiguration section */

/* Begin XCConfigurationList section */
		4FFB02B025346DA80000706E /* Build configuration list for PBXProject "MacroChallenge" */ = {
			isa = XCConfigurationList;
			buildConfigurations = (
				4FFB02DD25346DAB0000706E /* Debug */,
				4FFB02DE25346DAB0000706E /* Release */,
			);
			defaultConfigurationIsVisible = 0;
			defaultConfigurationName = Release;
		};
		4FFB02DF25346DAB0000706E /* Build configuration list for PBXNativeTarget "MacroChallenge" */ = {
			isa = XCConfigurationList;
			buildConfigurations = (
				4FFB02E025346DAB0000706E /* Debug */,
				4FFB02E125346DAB0000706E /* Release */,
			);
			defaultConfigurationIsVisible = 0;
			defaultConfigurationName = Release;
		};
		4FFB02E225346DAB0000706E /* Build configuration list for PBXNativeTarget "MacroChallengeTests" */ = {
			isa = XCConfigurationList;
			buildConfigurations = (
				4FFB02E325346DAB0000706E /* Debug */,
				4FFB02E425346DAB0000706E /* Release */,
			);
			defaultConfigurationIsVisible = 0;
			defaultConfigurationName = Release;
		};
		4FFB02E525346DAB0000706E /* Build configuration list for PBXNativeTarget "MacroChallengeUITests" */ = {
			isa = XCConfigurationList;
			buildConfigurations = (
				4FFB02E625346DAB0000706E /* Debug */,
				4FFB02E725346DAB0000706E /* Release */,
			);
			defaultConfigurationIsVisible = 0;
			defaultConfigurationName = Release;
		};
/* End XCConfigurationList section */

/* Begin XCRemoteSwiftPackageReference section */
		7C979B0A2551543300882B98 /* XCRemoteSwiftPackageReference "Alamofire" */ = {
			isa = XCRemoteSwiftPackageReference;
			repositoryURL = "https://github.com/Alamofire/Alamofire.git";
			requirement = {
				kind = upToNextMajorVersion;
				minimumVersion = 5.3.0;
			};
		};
/* End XCRemoteSwiftPackageReference section */

/* Begin XCSwiftPackageProductDependency section */
		7C979B0B2551543300882B98 /* Alamofire */ = {
			isa = XCSwiftPackageProductDependency;
			package = 7C979B0A2551543300882B98 /* XCRemoteSwiftPackageReference "Alamofire" */;
			productName = Alamofire;
		};
/* End XCSwiftPackageProductDependency section */
	};
	rootObject = 4FFB02AD25346DA80000706E /* Project object */;
}
